// !$*UTF8*$!
{
	archiveVersion = 1;
	classes = {
	};
	objectVersion = 46;
	objects = {

/* Begin PBXBuildFile section */
		2DE9E66E1F15CB09001DB801 /* AppDelegate.m in Sources */ = {isa = PBXBuildFile; fileRef = 2DE9E66D1F15CB09001DB801 /* AppDelegate.m */; };
		2DE9E6711F15CB09001DB801 /* main.m in Sources */ = {isa = PBXBuildFile; fileRef = 2DE9E6701F15CB09001DB801 /* main.m */; };
		2DE9E6741F15CB09001DB801 /* ViewController.m in Sources */ = {isa = PBXBuildFile; fileRef = 2DE9E6731F15CB09001DB801 /* ViewController.m */; };
		2DE9E6761F15CB09001DB801 /* Assets.xcassets in Resources */ = {isa = PBXBuildFile; fileRef = 2DE9E6751F15CB09001DB801 /* Assets.xcassets */; };
		2DE9E6791F15CB09001DB801 /* Main.storyboard in Resources */ = {isa = PBXBuildFile; fileRef = 2DE9E6771F15CB09001DB801 /* Main.storyboard */; };
		2DE9E6821F15CDB3001DB801 /* InterfaceToPropertyVC.m in Sources */ = {isa = PBXBuildFile; fileRef = 2DE9E6811F15CDB3001DB801 /* InterfaceToPropertyVC.m */; };
/* End PBXBuildFile section */

/* Begin PBXFileReference section */
		2DE9E6691F15CB09001DB801 /* 接口文档工具.app */ = {isa = PBXFileReference; explicitFileType = wrapper.application; includeInIndex = 0; path = "接口文档工具.app"; sourceTree = BUILT_PRODUCTS_DIR; };
		2DE9E66C1F15CB09001DB801 /* AppDelegate.h */ = {isa = PBXFileReference; lastKnownFileType = sourcecode.c.h; path = AppDelegate.h; sourceTree = "<group>"; };
		2DE9E66D1F15CB09001DB801 /* AppDelegate.m */ = {isa = PBXFileReference; lastKnownFileType = sourcecode.c.objc; path = AppDelegate.m; sourceTree = "<group>"; };
		2DE9E6701F15CB09001DB801 /* main.m */ = {isa = PBXFileReference; lastKnownFileType = sourcecode.c.objc; path = main.m; sourceTree = "<group>"; };
		2DE9E6721F15CB09001DB801 /* ViewController.h */ = {isa = PBXFileReference; lastKnownFileType = sourcecode.c.h; path = ViewController.h; sourceTree = "<group>"; };
		2DE9E6731F15CB09001DB801 /* ViewController.m */ = {isa = PBXFileReference; lastKnownFileType = sourcecode.c.objc; path = ViewController.m; sourceTree = "<group>"; };
		2DE9E6751F15CB09001DB801 /* Assets.xcassets */ = {isa = PBXFileReference; lastKnownFileType = folder.assetcatalog; path = Assets.xcassets; sourceTree = "<group>"; };
		2DE9E6781F15CB09001DB801 /* Base */ = {isa = PBXFileReference; lastKnownFileType = file.storyboard; name = Base; path = Base.lproj/Main.storyboard; sourceTree = "<group>"; };
		2DE9E67A1F15CB09001DB801 /* Info.plist */ = {isa = PBXFileReference; lastKnownFileType = text.plist.xml; path = Info.plist; sourceTree = "<group>"; };
		2DE9E6801F15CDB3001DB801 /* InterfaceToPropertyVC.h */ = {isa = PBXFileReference; fileEncoding = 4; lastKnownFileType = sourcecode.c.h; path = InterfaceToPropertyVC.h; sourceTree = "<group>"; };
		2DE9E6811F15CDB3001DB801 /* InterfaceToPropertyVC.m */ = {isa = PBXFileReference; fileEncoding = 4; lastKnownFileType = sourcecode.c.objc; path = InterfaceToPropertyVC.m; sourceTree = "<group>"; };
/* End PBXFileReference section */

/* Begin PBXFrameworksBuildPhase section */
		2DE9E6661F15CB09001DB801 /* Frameworks */ = {
			isa = PBXFrameworksBuildPhase;
			buildActionMask = 2147483647;
			files = (
			);
			runOnlyForDeploymentPostprocessing = 0;
		};
/* End PBXFrameworksBuildPhase section */

/* Begin PBXGroup section */
		2DE9E6601F15CB09001DB801 = {
			isa = PBXGroup;
			children = (
				2DE9E66B1F15CB09001DB801 /* 接口文档工具 */,
				2DE9E66A1F15CB09001DB801 /* Products */,
			);
			sourceTree = "<group>";
		};
		2DE9E66A1F15CB09001DB801 /* Products */ = {
			isa = PBXGroup;
			children = (
				2DE9E6691F15CB09001DB801 /* 接口文档工具.app */,
			);
			name = Products;
			sourceTree = "<group>";
		};
		2DE9E66B1F15CB09001DB801 /* 接口文档工具 */ = {
			isa = PBXGroup;
			children = (
				2DE9E66C1F15CB09001DB801 /* AppDelegate.h */,
				2DE9E66D1F15CB09001DB801 /* AppDelegate.m */,
				2DE9E6721F15CB09001DB801 /* ViewController.h */,
				2DE9E6731F15CB09001DB801 /* ViewController.m */,
				2DE9E6801F15CDB3001DB801 /* InterfaceToPropertyVC.h */,
				2DE9E6811F15CDB3001DB801 /* InterfaceToPropertyVC.m */,
				2DE9E66F1F15CB09001DB801 /* Supporting Files */,
			);
			path = "接口文档工具";
			sourceTree = "<group>";
		};
		2DE9E66F1F15CB09001DB801 /* Supporting Files */ = {
			isa = PBXGroup;
			children = (
				2DE9E6751F15CB09001DB801 /* Assets.xcassets */,
				2DE9E6771F15CB09001DB801 /* Main.storyboard */,
				2DE9E67A1F15CB09001DB801 /* Info.plist */,
				2DE9E6701F15CB09001DB801 /* main.m */,
			);
			name = "Supporting Files";
			sourceTree = "<group>";
		};
/* End PBXGroup section */

/* Begin PBXNativeTarget section */
		2DE9E6681F15CB09001DB801 /* 接口文档工具 */ = {
			isa = PBXNativeTarget;
			buildConfigurationList = 2DE9E67D1F15CB09001DB801 /* Build configuration list for PBXNativeTarget "接口文档工具" */;
			buildPhases = (
				2DE9E6651F15CB09001DB801 /* Sources */,
				2DE9E6661F15CB09001DB801 /* Frameworks */,
				2DE9E6671F15CB09001DB801 /* Resources */,
			);
			buildRules = (
			);
			dependencies = (
			);
			name = "接口文档工具";
			productName = "接口文档工具";
			productReference = 2DE9E6691F15CB09001DB801 /* 接口文档工具.app */;
			productType = "com.apple.product-type.application";
		};
/* End PBXNativeTarget section */

/* Begin PBXProject section */
		2DE9E6611F15CB09001DB801 /* Project object */ = {
			isa = PBXProject;
			attributes = {
				LastUpgradeCheck = 0800;
				ORGANIZATIONNAME = baymax0;
				TargetAttributes = {
					2DE9E6681F15CB09001DB801 = {
						CreatedOnToolsVersion = 8.0;
						DevelopmentTeam = A3RUKEN8Q5;
						ProvisioningStyle = Automatic;
					};
				};
			};
			buildConfigurationList = 2DE9E6641F15CB09001DB801 /* Build configuration list for PBXProject "接口文档工具" */;
			compatibilityVersion = "Xcode 3.2";
			developmentRegion = English;
			hasScannedForEncodings = 0;
			knownRegions = (
				en,
				Base,
			);
			mainGroup = 2DE9E6601F15CB09001DB801;
			productRefGroup = 2DE9E66A1F15CB09001DB801 /* Products */;
			projectDirPath = "";
			projectRoot = "";
			targets = (
				2DE9E6681F15CB09001DB801 /* 接口文档工具 */,
			);
		};
/* End PBXProject section */

/* Begin PBXResourcesBuildPhase section */
		2DE9E6671F15CB09001DB801 /* Resources */ = {
			isa = PBXResourcesBuildPhase;
			buildActionMask = 2147483647;
			files = (
				2DE9E6761F15CB09001DB801 /* Assets.xcassets in Resources */,
				2DE9E6791F15CB09001DB801 /* Main.storyboard in Resources */,
			);
			runOnlyForDeploymentPostprocessing = 0;
		};
/* End PBXResourcesBuildPhase section */

/* Begin PBXSourcesBuildPhase section */
		2DE9E6651F15CB09001DB801 /* Sources */ = {
			isa = PBXSourcesBuildPhase;
			buildActionMask = 2147483647;
			files = (
				2DE9E6821F15CDB3001DB801 /* InterfaceToPropertyVC.m in Sources */,
				2DE9E6741F15CB09001DB801 /* ViewController.m in Sources */,
				2DE9E6711F15CB09001DB801 /* main.m in Sources */,
				2DE9E66E1F15CB09001DB801 /* AppDelegate.m in Sources */,
			);
			runOnlyForDeploymentPostprocessing = 0;
		};
/* End PBXSourcesBuildPhase section */

/* Begin PBXVariantGroup section */
		2DE9E6771F15CB09001DB801 /* Main.storyboard */ = {
			isa = PBXVariantGroup;
			children = (
				2DE9E6781F15CB09001DB801 /* Base */,
			);
			name = Main.storyboard;
			sourceTree = "<group>";
		};
/* End PBXVariantGroup section */

/* Begin XCBuildConfiguration section */
		2DE9E67B1F15CB09001DB801 /* Debug */ = {
			isa = XCBuildConfiguration;
			buildSettings = {
				ALWAYS_SEARCH_USER_PATHS = NO;
				CLANG_ANALYZER_NONNULL = YES;
				CLANG_CXX_LANGUAGE_STANDARD = "gnu++0x";
				CLANG_CXX_LIBRARY = "libc++";
				CLANG_ENABLE_MODULES = YES;
				CLANG_ENABLE_OBJC_ARC = YES;
				CLANG_WARN_BOOL_CONVERSION = YES;
				CLANG_WARN_CONSTANT_CONVERSION = YES;
				CLANG_WARN_DIRECT_OBJC_ISA_USAGE = YES_ERROR;
				CLANG_WARN_DOCUMENTATION_COMMENTS = YES;
				CLANG_WARN_EMPTY_BODY = YES;
				CLANG_WARN_ENUM_CONVERSION = YES;
				CLANG_WARN_INFINITE_RECURSION = YES;
				CLANG_WARN_INT_CONVERSION = YES;
				CLANG_WARN_OBJC_ROOT_CLASS = YES_ERROR;
				CLANG_WARN_SUSPICIOUS_MOVES = YES;
				CLANG_WARN_UNREACHABLE_CODE = YES;
				CLANG_WARN__DUPLICATE_METHOD_MATCH = YES;
				CODE_SIGN_IDENTITY = "-";
				COPY_PHASE_STRIP = NO;
				DEBUG_INFORMATION_FORMAT = dwarf;
				ENABLE_STRICT_OBJC_MSGSEND = YES;
				ENABLE_TESTABILITY = YES;
				GCC_C_LANGUAGE_STANDARD = gnu99;
				GCC_DYNAMIC_NO_PIC = NO;
				GCC_NO_COMMON_BLOCKS = YES;
				GCC_OPTIMIZATION_LEVEL = 0;
				GCC_PREPROCESSOR_DEFINITIONS = (
					"DEBUG=1",
					"$(inherited)",
				);
				GCC_WARN_64_TO_32_BIT_CONVERSION = YES;
				GCC_WARN_ABOUT_RETURN_TYPE = YES_ERROR;
				GCC_WARN_UNDECLARED_SELECTOR = YES;
				GCC_WARN_UNINITIALIZED_AUTOS = YES_AGGRESSIVE;
				GCC_WARN_UNUSED_FUNCTION = YES;
				GCC_WARN_UNUSED_VARIABLE = YES;
				MACOSX_DEPLOYMENT_TARGET = 10.11;
				MTL_ENABLE_DEBUG_INFO = YES;
				ONLY_ACTIVE_ARCH = YES;
				SDKROOT = macosx;
			};
			name = Debug;
		};
		2DE9E67C1F15CB09001DB801 /* Release */ = {
			isa = XCBuildConfiguration;
			buildSettings = {
				ALWAYS_SEARCH_USER_PATHS = NO;
				CLANG_ANALYZER_NONNULL = YES;
				CLANG_CXX_LANGUAGE_STANDARD = "gnu++0x";
				CLANG_CXX_LIBRARY = "libc++";
				CLANG_ENABLE_MODULES = YES;
				CLANG_ENABLE_OBJC_ARC = YES;
				CLANG_WARN_BOOL_CONVERSION = YES;
				CLANG_WARN_CONSTANT_CONVERSION = YES;
				CLANG_WARN_DIRECT_OBJC_ISA_USAGE = YES_ERROR;
				CLANG_WARN_DOCUMENTATION_COMMENTS = YES;
				CLANG_WARN_EMPTY_BODY = YES;
				CLANG_WARN_ENUM_CONVERSION = YES;
				CLANG_WARN_INFINITE_RECURSION = YES;
				CLANG_WARN_INT_CONVERSION = YES;
				CLANG_WARN_OBJC_ROOT_CLASS = YES_ERROR;
				CLANG_WARN_SUSPICIOUS_MOVES = YES;
				CLANG_WARN_UNREACHABLE_CODE = YES;
				CLANG_WARN__DUPLICATE_METHOD_MATCH = YES;
				CODE_SIGN_IDENTITY = "-";
				COPY_PHASE_STRIP = NO;
				DEBUG_INFORMATION_FORMAT = "dwarf-with-dsym";
				ENABLE_NS_ASSERTIONS = NO;
				ENABLE_STRICT_OBJC_MSGSEND = YES;
				GCC_C_LANGUAGE_STANDARD = gnu99;
				GCC_NO_COMMON_BLOCKS = YES;
				GCC_WARN_64_TO_32_BIT_CONVERSION = YES;
				GCC_WARN_ABOUT_RETURN_TYPE = YES_ERROR;
				GCC_WARN_UNDECLARED_SELECTOR = YES;
				GCC_WARN_UNINITIALIZED_AUTOS = YES_AGGRESSIVE;
				GCC_WARN_UNUSED_FUNCTION = YES;
				GCC_WARN_UNUSED_VARIABLE = YES;
				MACOSX_DEPLOYMENT_TARGET = 10.11;
				MTL_ENABLE_DEBUG_INFO = NO;
				SDKROOT = macosx;
			};
			name = Release;
		};
		2DE9E67E1F15CB09001DB801 /* Debug */ = {
			isa = XCBuildConfiguration;
			buildSettings = {
				ASSETCATALOG_COMPILER_APPICON_NAME = AppIcon;
				COMBINE_HIDPI_IMAGES = YES;
				DEVELOPMENT_TEAM = A3RUKEN8Q5;
				INFOPLIST_FILE = "接口文档工具/Info.plist";
				LD_RUNPATH_SEARCH_PATHS = "$(inherited) @executable_path/../Frameworks";
				PRODUCT_BUNDLE_IDENTIFIER = com.baymax0.jsontranslate;
				PRODUCT_NAME = "$(TARGET_NAME)";
			};
			name = Debug;
		};
		2DE9E67F1F15CB09001DB801 /* Release */ = {
			isa = XCBuildConfiguration;
			buildSettings = {
				ASSETCATALOG_COMPILER_APPICON_NAME = AppIcon;
				COMBINE_HIDPI_IMAGES = YES;
				DEVELOPMENT_TEAM = A3RUKEN8Q5;
				INFOPLIST_FILE = "接口文档工具/Info.plist";
				LD_RUNPATH_SEARCH_PATHS = "$(inherited) @executable_path/../Frameworks";
				PRODUCT_BUNDLE_IDENTIFIER = com.baymax0.jsontranslate;
				PRODUCT_NAME = "$(TARGET_NAME)";
			};
			name = Release;
		};
/* End XCBuildConfiguration section */

/* Begin XCConfigurationList section */
		2DE9E6641F15CB09001DB801 /* Build configuration list for PBXProject "接口文档工具" */ = {
			isa = XCConfigurationList;
			buildConfigurations = (
				2DE9E67B1F15CB09001DB801 /* Debug */,
				2DE9E67C1F15CB09001DB801 /* Release */,
			);
			defaultConfigurationIsVisible = 0;
			defaultConfigurationName = Release;
		};
		2DE9E67D1F15CB09001DB801 /* Build configuration list for PBXNativeTarget "接口文档工具" */ = {
			isa = XCConfigurationList;
			buildConfigurations = (
				2DE9E67E1F15CB09001DB801 /* Debug */,
				2DE9E67F1F15CB09001DB801 /* Release */,
			);
			defaultConfigurationIsVisible = 0;
			defaultConfigurationName = Release;
		};
/* End XCConfigurationList section */
	};
	rootObject = 2DE9E6611F15CB09001DB801 /* Project object */;
}
